
Microsoft Visual Studio Solution File, Format Version 12.00
# Visual Studio Version 17
VisualStudioVersion = 17.11.35327.3
MinimumVisualStudioVersion = 10.0.40219.1
Project("{FAE04EC0-301F-11D3-BF4B-00C04F79EFBC}") = "Tidsloggningstjänst", "Tidsloggningstjänst\Tidsloggningstjänst.csproj", "{4D5C0CF9-37D6-4FAB-804E-7D3E4CC43A9C}"
EndProject
Global
	GlobalSection(SolutionConfigurationPlatforms) = preSolution
		Debug|Any CPU = Debug|Any CPU
		Release|Any CPU = Release|Any CPU
	EndGlobalSection
	GlobalSection(ProjectConfigurationPlatforms) = postSolution
		{4D5C0CF9-37D6-4FAB-804E-7D3E4CC43A9C}.Debug|Any CPU.ActiveCfg = Debug|Any CPU
		{4D5C0CF9-37D6-4FAB-804E-7D3E4CC43A9C}.Debug|Any CPU.Build.0 = Debug|Any CPU
		{4D5C0CF9-37D6-4FAB-804E-7D3E4CC43A9C}.Release|Any CPU.ActiveCfg = Release|Any CPU
		{4D5C0CF9-37D6-4FAB-804E-7D3E4CC43A9C}.Release|Any CPU.Build.0 = Release|Any CPU
	EndGlobalSection
	GlobalSection(SolutionProperties) = preSolution
		HideSolutionNode = FALSE
	EndGlobalSection
	GlobalSection(ExtensibilityGlobals) = postSolution
		SolutionGuid = {441E8220-3400-4467-B4C4-737073F29111}
	EndGlobalSection
EndGlobal
